# This file is automatically @generated by Cargo.
# It is not intended for manual editing.
version = 4

[[package]]
name = "bump"
version = "0.1.0"

[[package]]
name = "colored"
version = "3.0.0"

[[package]]
name = "progress"
version = "0.1.1"

[[package]]
name = "sharc"
version = "0.1.0"
dependencies = [
 "bump",
 "colored",
 "progress",
]
