# This file is automatically @generated by Cargo.
# It is not intended for manual editing.
version = 4

[[package]]
name = "bump"
version = "0.1.0"

[[package]]
name = "cc"
version = "1.2.37"
source = "registry+https://github.com/rust-lang/crates.io-index"
checksum = "65193589c6404eb80b450d618eaf9a2cafaaafd57ecce47370519ef674a7bd44"
dependencies = [
 "find-msvc-tools",
 "shlex",
]

[[package]]
name = "colored"
version = "3.0.0"

[[package]]
name = "compile-warn"
version = "0.1.0"

[[package]]
name = "find-msvc-tools"
version = "0.1.1"
source = "registry+https://github.com/rust-lang/crates.io-index"
checksum = "7fd99930f64d146689264c637b5af2f0233a933bef0d8570e2526bf9e083192d"

[[package]]
name = "libc"
version = "0.2.175"
source = "registry+https://github.com/rust-lang/crates.io-index"
checksum = "6a82ae493e598baaea5209805c49bbf2ea7de956d50d7da0da1164f9c6d28543"

[[package]]
name = "libffi"
version = "5.0.0"
source = "registry+https://github.com/rust-lang/crates.io-index"
checksum = "0444124f3ffd67e1b0b0c661a7f81a278a135eb54aaad4078e79fbc8be50c8a5"
dependencies = [
 "libc",
 "libffi-sys",
]

[[package]]
name = "libffi-sys"
version = "4.0.0"
source = "registry+https://github.com/rust-lang/crates.io-index"
checksum = "3d722da8817ea580d0669da6babe2262d7b86a1af1103da24102b8bb9c101ce7"
dependencies = [
 "cc",
]

[[package]]
name = "miri"
version = "0.1.0"
dependencies = [
 "colored",
 "compile-warn",
 "libffi",
 "sharc",
]

[[package]]
name = "sharc"
version = "0.1.0"
dependencies = [
 "bump",
 "colored",
]

[[package]]
name = "sharc-cli"
version = "0.1.0"
dependencies = [
 "colored",
 "miri",
 "sharc",
]

[[package]]
name = "shlex"
version = "1.3.0"
source = "registry+https://github.com/rust-lang/crates.io-index"
checksum = "0fda2ff0d084019ba4d7c6f371c95d8fd75ce3524c3cb8fb653a3023f6323e64"
